
Microsoft Visual Studio Solution File, Format Version 12.00
# Visual Studio 15
VisualStudioVersion = 15.0.27428.2005
MinimumVisualStudioVersion = 10.0.40219.1
Project("{9A19103F-16F7-4668-BE54-9A1E7A4F7556}") = "MahApps.Metro.IconPacks", "MahApps.Metro.IconPacks\MahApps.Metro.IconPacks.csproj", "{E57E2C60-D3A3-4CBF-A1CF-491A7B22EDA3}"
EndProject
Project("{9A19103F-16F7-4668-BE54-9A1E7A4F7556}") = "MahApps.Metro.IconPacks.Core", "MahApps.Metro.IconPacks.Core\MahApps.Metro.IconPacks.Core.csproj", "{9D0D425E-E4F3-4C1C-833E-22016BE1C36B}"
EndProject
Project("{2150E333-8FDC-42A3-9474-1A3956D46DE8}") = "Solution Items", "Solution Items", "{7C94EEC9-6BF4-4FD0-A799-C41042D0E420}"
	ProjectSection(SolutionItems) = preProject
		..\..\.editorconfig = ..\..\.editorconfig
		Directory.build.props = Directory.build.props
		Directory.build.targets = Directory.build.targets
		global.json = global.json
	EndProjectSection
EndProject
Global
	GlobalSection(SolutionConfigurationPlatforms) = preSolution
		Debug|Any CPU = Debug|Any CPU
		Release|Any CPU = Release|Any CPU
	EndGlobalSection
	GlobalSection(ProjectConfigurationPlatforms) = postSolution
		{E57E2C60-D3A3-4CBF-A1CF-491A7B22EDA3}.Debug|Any CPU.ActiveCfg = Debug|Any CPU
		{E57E2C60-D3A3-4CBF-A1CF-491A7B22EDA3}.Debug|Any CPU.Build.0 = Debug|Any CPU
		{E57E2C60-D3A3-4CBF-A1CF-491A7B22EDA3}.Release|Any CPU.ActiveCfg = Release|Any CPU
		{E57E2C60-D3A3-4CBF-A1CF-491A7B22EDA3}.Release|Any CPU.Build.0 = Release|Any CPU
		{9D0D425E-E4F3-4C1C-833E-22016BE1C36B}.Debug|Any CPU.ActiveCfg = Debug|Any CPU
		{9D0D425E-E4F3-4C1C-833E-22016BE1C36B}.Debug|Any CPU.Build.0 = Debug|Any CPU
		{9D0D425E-E4F3-4C1C-833E-22016BE1C36B}.Release|Any CPU.ActiveCfg = Release|Any CPU
		{9D0D425E-E4F3-4C1C-833E-22016BE1C36B}.Release|Any CPU.Build.0 = Release|Any CPU
	EndGlobalSection
	GlobalSection(SolutionProperties) = preSolution
		HideSolutionNode = FALSE
	EndGlobalSection
	GlobalSection(ExtensibilityGlobals) = postSolution
		SolutionGuid = {67CF728A-F421-4E8F-8846-BFC853997748}
	EndGlobalSection
EndGlobal
